
Microsoft Visual Studio Solution File, Format Version 12.00
# Visual Studio 2012
Project("{FAE04EC0-301F-11D3-BF4B-00C04F79EFBC}") = "ChallengeFourTL", "ChallengeFourTL\ChallengeFourTL.csproj", "{D57F9106-668D-476B-B6CB-560E467CC014}"
EndProject
Global
	GlobalSection(SolutionConfigurationPlatforms) = preSolution
		Debug|Any CPU = Debug|Any CPU
		Release|Any CPU = Release|Any CPU
	EndGlobalSection
	GlobalSection(ProjectConfigurationPlatforms) = postSolution
		{D57F9106-668D-476B-B6CB-560E467CC014}.Debug|Any CPU.ActiveCfg = Debug|Any CPU
		{D57F9106-668D-476B-B6CB-560E467CC014}.Debug|Any CPU.Build.0 = Debug|Any CPU
		{D57F9106-668D-476B-B6CB-560E467CC014}.Release|Any CPU.ActiveCfg = Release|Any CPU
		{D57F9106-668D-476B-B6CB-560E467CC014}.Release|Any CPU.Build.0 = Release|Any CPU
	EndGlobalSection
EndGlobal
